<?xml version="1.0" encoding="utf-8"?>
<Project ToolsVersion="4.0" xmlns="http://schemas.microsoft.com/developer/msbuild/2003">
  <ItemGroup>
    <Filter Include="res">
      <UniqueIdentifier>{4fe82aef-04d8-4e6d-be5f-34ef3463b16c}</UniqueIdentifier>
    </Filter>
    <Filter Include="src">
      <UniqueIdentifier>{985e9054-123d-4fb7-8a63-92a1d2d1260b}</UniqueIdentifier>
    </Filter>
  </ItemGroup>
  <ItemGroup>
    <Text Include="ReadMe.txt" />
  </ItemGroup>
  <ItemGroup>
    <ClInclude Include="res\Resource.h">
      <Filter>res</Filter>
    </ClInclude>
    <ClInclude Include="src\IntroGL.h">
      <Filter>src</Filter>
    </ClInclude>
    <ClInclude Include="src\stdafx.h">
      <Filter>src</Filter>
    </ClInclude>
    <ClInclude Include="res\targetver.h">
      <Filter>res</Filter>
    </ClInclude>
    <ClInclude Include="src\GraphicsManager.h">
      <Filter>src</Filter>
    </ClInclude>
    <ClInclude Include="src\Singleton.h">
      <Filter>src</Filter>
    </ClInclude>
  </ItemGroup>
  <ItemGroup>
    <ClCompile Include="src\IntroGL.cpp">
      <Filter>src</Filter>
    </ClCompile>
    <ClCompile Include="src\stdafx.cpp">
      <Filter>src</Filter>
    </ClCompile>
    <ClCompile Include="src\GraphicsManager.cpp">
      <Filter>src</Filter>
    </ClCompile>
  </ItemGroup>
  <ItemGroup>
    <ResourceCompile Include="res\IntroGL.rc">
      <Filter>res</Filter>
    </ResourceCompile>
  </ItemGroup>
  <ItemGroup>
    <Image Include="res\IntroGL.ico">
      <Filter>res</Filter>
    </Image>
    <Image Include="res\small.ico">
      <Filter>res</Filter>
    </Image>
  </ItemGroup>
</Project>